
Microsoft Visual Studio Solution File, Format Version 12.00
# Visual Studio Version 16
VisualStudioVersion = 16.0.29519.87
MinimumVisualStudioVersion = 10.0.40219.1
Project("{9A19103F-16F7-4668-BE54-9A1E7A4F7556}") = "Dziedziczenie22", "Dziedziczenie22\Dziedziczenie22.csproj", "{00668A89-5BE2-4522-A6B9-9BF34EFCEEDB}"
EndProject
Project("{FAE04EC0-301F-11D3-BF4B-00C04F79EFBC}") = "ep054472", "ep054472\ep054472.csproj", "{ED804AE3-7915-49D5-BE24-B6EE21B732D9}"
EndProject
Global
	GlobalSection(SolutionConfigurationPlatforms) = preSolution
		Debug|Any CPU = Debug|Any CPU
		Release|Any CPU = Release|Any CPU
	EndGlobalSection
	GlobalSection(ProjectConfigurationPlatforms) = postSolution
		{00668A89-5BE2-4522-A6B9-9BF34EFCEEDB}.Debug|Any CPU.ActiveCfg = Debug|Any CPU
		{00668A89-5BE2-4522-A6B9-9BF34EFCEEDB}.Debug|Any CPU.Build.0 = Debug|Any CPU
		{00668A89-5BE2-4522-A6B9-9BF34EFCEEDB}.Release|Any CPU.ActiveCfg = Release|Any CPU
		{00668A89-5BE2-4522-A6B9-9BF34EFCEEDB}.Release|Any CPU.Build.0 = Release|Any CPU
		{ED804AE3-7915-49D5-BE24-B6EE21B732D9}.Debug|Any CPU.ActiveCfg = Debug|Any CPU
		{ED804AE3-7915-49D5-BE24-B6EE21B732D9}.Debug|Any CPU.Build.0 = Debug|Any CPU
		{ED804AE3-7915-49D5-BE24-B6EE21B732D9}.Release|Any CPU.ActiveCfg = Release|Any CPU
		{ED804AE3-7915-49D5-BE24-B6EE21B732D9}.Release|Any CPU.Build.0 = Release|Any CPU
	EndGlobalSection
	GlobalSection(SolutionProperties) = preSolution
		HideSolutionNode = FALSE
	EndGlobalSection
	GlobalSection(ExtensibilityGlobals) = postSolution
		SolutionGuid = {47AEA613-710B-4B86-9A7C-257F0DE92A90}
	EndGlobalSection
EndGlobal
