Microsoft Visual Studio Solution File, Format Version 12.00
# Visual Studio 15
VisualStudioVersion = 15.0.28307.136
MinimumVisualStudioVersion = 10.0.40219.1
Project("{9A19103F-16F7-4668-BE54-9A1E7A4F7556}") = "Dziedziczenie22", "Dziedziczenie22\Dziedziczenie22.csproj", "{00668A89-5BE2-4522-A6B9-9BF34EFCEEDB}"
EndProject
Project("{9A19103F-16F7-4668-BE54-9A1E7A4F7556}") = "LB054377", "LB054377\LB054377.csproj", "{5584CD3E-BFF6-4ED3-B065-AEF023621E94}"
EndProject
Project("{FAE04EC0-301F-11D3-BF4B-00C04F79EFBC}") = "MR054473", "MR054473\MR054473.csproj", "{D41B82FD-6D3D-4110-979D-5816EAD83BFF}"
EndProject
Project("{9A19103F-16F7-4668-BE54-9A1E7A4F7556}") = "JS054475", "JS054475\JS054475.csproj", "{50AEE9DE-30A3-463B-B17E-57AD21812A89}"
EndProject
Project("{9A19103F-16F7-4668-BE54-9A1E7A4F7556}") = "LB054377", "LB054377\LB054377.csproj", "{5584CD3E-BFF6-4ED3-B065-AEF023621E94}"
EndProject
Project("{FAE04EC0-301F-11D3-BF4B-00C04F79EFBC}") = "JK054428", "JK054428\JK054428.csproj", "{535CC33C-7C8A-4A2E-88B7-B7480096D36F}"
EndProject
Project("{FAE04EC0-301F-11D3-BF4B-00C04F79EFBC}") = "MS055452", "MS055452\MS055452.csproj", "{134CF3AA-2AA4-4449-B282-6D12F144B8EF}"
EndProject
Project("{9A19103F-16F7-4668-BE54-9A1E7A4F7556}") = "ep054472", "ep054472\ep054472.csproj", "{ED804AE3-7915-49D5-BE24-B6EE21B732D9}"
EndProject
Project("{9A19103F-16F7-4668-BE54-9A1E7A4F7556}") = "MG54402", "MG54402\MG54402.csproj", "{5399315B-B254-4305-AC2A-7A1AB7693558}"
EndProject
Project("{9A19103F-16F7-4668-BE54-9A1E7A4F7556}") = "MS054486", "MS054486\MS054486.csproj", "{E7E65938-337E-4371-9EA6-09A95A769467}"
	ProjectSection(ProjectDependencies) = postProject
		{27EC5307-4930-4821-9DD6-58D6D181A300} = {27EC5307-4930-4821-9DD6-58D6D181A300}
		{00668A89-5BE2-4522-A6B9-9BF34EFCEEDB} = {00668A89-5BE2-4522-A6B9-9BF34EFCEEDB}
	EndProjectSection
Project("{FAE04EC0-301F-11D3-BF4B-00C04F79EFBC}") = "ps_055294", "ps_055294\ps_055294.csproj", "{1B1C45B5-AAB4-465A-B406-EA8DAFB2C606}"
EndProject
Project("{FAE04EC0-301F-11D3-BF4B-00C04F79EFBC}") = "ep054472", "ep054472\ep054472.csproj", "{ED804AE3-7915-49D5-BE24-B6EE21B732D9}"
EndProject
Project("{9A19103F-16F7-4668-BE54-9A1E7A4F7556}") = "OT054491", "OT054491\OT054491.csproj", "{49304D36-4C52-44A6-8BB9-1A276D22C51C}"
EndProject
Project("{9A19103F-16F7-4668-BE54-9A1E7A4F7556}") = "pr055550", "pr055550\pr055550.csproj", "{15497882-9365-45B1-AE7D-36A864C6110D}"
EndProject
Project("{9A19103F-16F7-4668-BE54-9A1E7A4F7556}") = "KG055545", "KG055545\KG055545.csproj", "{6B152DD0-7E25-41E8-A2FE-F826AE89E02C}"
EndProject
Project("{9A19103F-16F7-4668-BE54-9A1E7A4F7556}") = "TB055288", "TB055288\TB055288.csproj", "{5F5C3182-9E9A-43B0-8424-DBD18615B8DE}"
EndProject
Project("{9A19103F-16F7-4668-BE54-9A1E7A4F7556}") = "pr_40969", "pr_40969\pr_40969.csproj", "{2FECFA0F-44C9-462E-A722-05D9930AB2CA}"
EndProject
Project("{9A19103F-16F7-4668-BE54-9A1E7A4F7556}") = "PT054493", "PT054493\PT054493.csproj", "{B45DFE39-C34C-4E29-B7B7-B2587BC35187}"
EndProject
Project("{9A19103F-16F7-4668-BE54-9A1E7A4F7556}") = "LP054466", "LP054466\LP054466.csproj", "{0E136609-B0A2-4BAA-886C-0EB8B61001F7}"
EndProject
Project("{9A19103F-16F7-4668-BE54-9A1E7A4F7556}") = "BF055758", "BF055758\BF055758.csproj", "{4E8FF8CF-E4A8-44EC-A724-F91EBD066757}"
EndProject
Project("{9A19103F-16F7-4668-BE54-9A1E7A4F7556}") = "051350", "051350\051350.csproj", "{57AB18D8-1C61-4CD9-B99F-4B04F59CABAF}"
EndProject
Project("{9A19103F-16F7-4668-BE54-9A1E7A4F7556}") = "KB055289", "KB055289\KB055289.csproj", "{B3780220-F54A-438A-95D2-9D88E017E720}"
EndProject
Project("{9A19103F-16F7-4668-BE54-9A1E7A4F7556}") = "PR054397", "PR054397\PR054397.csproj", "{20CCDF19-87EC-4BE6-97CC-F7FC1B23356A}"
EndProject
Project("{9A19103F-16F7-4668-BE54-9A1E7A4F7556}") = "WP54462", "WP54462\WP54462.csproj", "{155B2997-3EAF-4634-8BF4-928060BFA781}"
EndProject
Project("{9A19103F-16F7-4668-BE54-9A1E7A4F7556}") = "kk055291", "kk055291\kk055291.csproj", "{B148ECD3-4FDD-471F-8465-B9BD31EE74D6}"
EndProject
Project("{FAE04EC0-301F-11D3-BF4B-00C04F79EFBC}") = "PK052846", "PK052846\PK052846.csproj", "{ED4C7D1C-D7CF-472F-A83B-8E662E13AC05}"
EndProject
Project("{FAE04EC0-301F-11D3-BF4B-00C04F79EFBC}") = "WM052943", "WM052943\WM052943.csproj", "{8AB6DDF5-305B-4929-AEFB-A30380C5C251}"
EndProject
Project("{FAE04EC0-301F-11D3-BF4B-00C04F79EFBC}") = "NT055298", "NT055298\NT055298.csproj", "{D37ED5D9-E891-48B7-A254-C2A9767E9500}"
EndProject
Project("{FAE04EC0-301F-11D3-BF4B-00C04F79EFBC}") = "AK055547", "AK055547\AK055547.csproj", "{5A738263-CAA8-4CBE-B10C-392AF6268C74}"
EndProject
Global
	GlobalSection(SolutionConfigurationPlatforms) = preSolution
		Debug|Any CPU = Debug|Any CPU
		Release|Any CPU = Release|Any CPU
	EndGlobalSection
	GlobalSection(ProjectConfigurationPlatforms) = postSolution
		{00668A89-5BE2-4522-A6B9-9BF34EFCEEDB}.Debug|Any CPU.ActiveCfg = Debug|Any CPU
		{00668A89-5BE2-4522-A6B9-9BF34EFCEEDB}.Debug|Any CPU.Build.0 = Debug|Any CPU
		{00668A89-5BE2-4522-A6B9-9BF34EFCEEDB}.Release|Any CPU.ActiveCfg = Release|Any CPU
		{00668A89-5BE2-4522-A6B9-9BF34EFCEEDB}.Release|Any CPU.Build.0 = Release|Any CPU
		{0668805E-6A71-4341-87A3-50A50BDEF0C3}.Debug|Any CPU.ActiveCfg = Debug|Any CPU
		{0668805E-6A71-4341-87A3-50A50BDEF0C3}.Debug|Any CPU.Build.0 = Debug|Any CPU
		{0668805E-6A71-4341-87A3-50A50BDEF0C3}.Release|Any CPU.ActiveCfg = Release|Any CPU
		{0668805E-6A71-4341-87A3-50A50BDEF0C3}.Release|Any CPU.Build.0 = Release|Any CPU
		{5A738263-CAA8-4CBE-B10C-392AF6268C74}.Debug|Any CPU.ActiveCfg = Debug|Any CPU
		{5A738263-CAA8-4CBE-B10C-392AF6268C74}.Debug|Any CPU.Build.0 = Debug|Any CPU
		{5A738263-CAA8-4CBE-B10C-392AF6268C74}.Release|Any CPU.ActiveCfg = Release|Any CPU
		{5A738263-CAA8-4CBE-B10C-392AF6268C74}.Release|Any CPU.Build.0 = Release|Any CPU
		{50AEE9DE-30A3-463B-B17E-57AD21812A89}.Debug|Any CPU.ActiveCfg = Debug|Any CPU
		{50AEE9DE-30A3-463B-B17E-57AD21812A89}.Debug|Any CPU.Build.0 = Debug|Any CPU
		{50AEE9DE-30A3-463B-B17E-57AD21812A89}.Release|Any CPU.ActiveCfg = Release|Any CPU
		{50AEE9DE-30A3-463B-B17E-57AD21812A89}.Release|Any CPU.Build.0 = Release|Any CPU
		{5584CD3E-BFF6-4ED3-B065-AEF023621E94}.Debug|Any CPU.ActiveCfg = Debug|Any CPU
		{5584CD3E-BFF6-4ED3-B065-AEF023621E94}.Debug|Any CPU.Build.0 = Debug|Any CPU
		{5584CD3E-BFF6-4ED3-B065-AEF023621E94}.Release|Any CPU.ActiveCfg = Release|Any CPU
		{5584CD3E-BFF6-4ED3-B065-AEF023621E94}.Release|Any CPU.Build.0 = Release|Any CPU
		{D41B82FD-6D3D-4110-979D-5816EAD83BFF}.Debug|Any CPU.ActiveCfg = Debug|Any CPU
		{D41B82FD-6D3D-4110-979D-5816EAD83BFF}.Debug|Any CPU.Build.0 = Debug|Any CPU
		{D41B82FD-6D3D-4110-979D-5816EAD83BFF}.Release|Any CPU.ActiveCfg = Release|Any CPU
		{D41B82FD-6D3D-4110-979D-5816EAD83BFF}.Release|Any CPU.Build.0 = Release|Any CPU
		{535CC33C-7C8A-4A2E-88B7-B7480096D36F}.Debug|Any CPU.ActiveCfg = Debug|Any CPU
		{535CC33C-7C8A-4A2E-88B7-B7480096D36F}.Debug|Any CPU.Build.0 = Debug|Any CPU
		{535CC33C-7C8A-4A2E-88B7-B7480096D36F}.Release|Any CPU.ActiveCfg = Release|Any CPU
		{535CC33C-7C8A-4A2E-88B7-B7480096D36F}.Release|Any CPU.Build.0 = Release|Any CPU
		{D37ED5D9-E891-48B7-A254-C2A9767E9500}.Debug|Any CPU.ActiveCfg = Debug|Any CPU
		{D37ED5D9-E891-48B7-A254-C2A9767E9500}.Debug|Any CPU.Build.0 = Debug|Any CPU
		{D37ED5D9-E891-48B7-A254-C2A9767E9500}.Release|Any CPU.ActiveCfg = Release|Any CPU
		{D37ED5D9-E891-48B7-A254-C2A9767E9500}.Release|Any CPU.Build.0 = Release|Any CPU
		{134CF3AA-2AA4-4449-B282-6D12F144B8EF}.Debug|Any CPU.ActiveCfg = Debug|Any CPU
		{134CF3AA-2AA4-4449-B282-6D12F144B8EF}.Debug|Any CPU.Build.0 = Debug|Any CPU
		{134CF3AA-2AA4-4449-B282-6D12F144B8EF}.Release|Any CPU.ActiveCfg = Release|Any CPU
		{134CF3AA-2AA4-4449-B282-6D12F144B8EF}.Release|Any CPU.Build.0 = Release|Any CPU
		{5399315B-B254-4305-AC2A-7A1AB7693558}.Debug|Any CPU.ActiveCfg = Debug|Any CPU
		{5399315B-B254-4305-AC2A-7A1AB7693558}.Debug|Any CPU.Build.0 = Debug|Any CPU
		{5399315B-B254-4305-AC2A-7A1AB7693558}.Release|Any CPU.ActiveCfg = Release|Any CPU
		{5399315B-B254-4305-AC2A-7A1AB7693558}.Release|Any CPU.Build.0 = Release|Any CPU
		{E7E65938-337E-4371-9EA6-09A95A769467}.Debug|Any CPU.ActiveCfg = Debug|Any CPU
		{E7E65938-337E-4371-9EA6-09A95A769467}.Debug|Any CPU.Build.0 = Debug|Any CPU
		{E7E65938-337E-4371-9EA6-09A95A769467}.Release|Any CPU.ActiveCfg = Release|Any CPU
		{E7E65938-337E-4371-9EA6-09A95A769467}.Release|Any CPU.Build.0 = Release|Any CPU
		{1B1C45B5-AAB4-465A-B406-EA8DAFB2C606}.Debug|Any CPU.ActiveCfg = Debug|Any CPU
		{1B1C45B5-AAB4-465A-B406-EA8DAFB2C606}.Debug|Any CPU.Build.0 = Debug|Any CPU
		{1B1C45B5-AAB4-465A-B406-EA8DAFB2C606}.Release|Any CPU.ActiveCfg = Release|Any CPU
		{1B1C45B5-AAB4-465A-B406-EA8DAFB2C606}.Release|Any CPU.Build.0 = Release|Any CPU
		{ED804AE3-7915-49D5-BE24-B6EE21B732D9}.Debug|Any CPU.ActiveCfg = Debug|Any CPU
		{ED804AE3-7915-49D5-BE24-B6EE21B732D9}.Debug|Any CPU.Build.0 = Debug|Any CPU
		{ED804AE3-7915-49D5-BE24-B6EE21B732D9}.Release|Any CPU.ActiveCfg = Release|Any CPU
		{ED804AE3-7915-49D5-BE24-B6EE21B732D9}.Release|Any CPU.Build.0 = Release|Any CPU
		{49304D36-4C52-44A6-8BB9-1A276D22C51C}.Debug|Any CPU.ActiveCfg = Debug|Any CPU
		{49304D36-4C52-44A6-8BB9-1A276D22C51C}.Debug|Any CPU.Build.0 = Debug|Any CPU
		{49304D36-4C52-44A6-8BB9-1A276D22C51C}.Release|Any CPU.ActiveCfg = Release|Any CPU
		{49304D36-4C52-44A6-8BB9-1A276D22C51C}.Release|Any CPU.Build.0 = Release|Any CPU
		{15497882-9365-45B1-AE7D-36A864C6110D}.Debug|Any CPU.ActiveCfg = Debug|Any CPU
		{15497882-9365-45B1-AE7D-36A864C6110D}.Debug|Any CPU.Build.0 = Debug|Any CPU
		{15497882-9365-45B1-AE7D-36A864C6110D}.Release|Any CPU.ActiveCfg = Release|Any CPU
		{15497882-9365-45B1-AE7D-36A864C6110D}.Release|Any CPU.Build.0 = Release|Any CPU
		{6B152DD0-7E25-41E8-A2FE-F826AE89E02C}.Debug|Any CPU.ActiveCfg = Debug|Any CPU
		{6B152DD0-7E25-41E8-A2FE-F826AE89E02C}.Debug|Any CPU.Build.0 = Debug|Any CPU
		{6B152DD0-7E25-41E8-A2FE-F826AE89E02C}.Release|Any CPU.ActiveCfg = Release|Any CPU
		{6B152DD0-7E25-41E8-A2FE-F826AE89E02C}.Release|Any CPU.Build.0 = Release|Any CPU
		{5F5C3182-9E9A-43B0-8424-DBD18615B8DE}.Debug|Any CPU.ActiveCfg = Debug|Any CPU
		{5F5C3182-9E9A-43B0-8424-DBD18615B8DE}.Debug|Any CPU.Build.0 = Debug|Any CPU
		{5F5C3182-9E9A-43B0-8424-DBD18615B8DE}.Release|Any CPU.ActiveCfg = Release|Any CPU
		{5F5C3182-9E9A-43B0-8424-DBD18615B8DE}.Release|Any CPU.Build.0 = Release|Any CPU
		{2FECFA0F-44C9-462E-A722-05D9930AB2CA}.Debug|Any CPU.ActiveCfg = Debug|Any CPU
		{2FECFA0F-44C9-462E-A722-05D9930AB2CA}.Debug|Any CPU.Build.0 = Debug|Any CPU
		{2FECFA0F-44C9-462E-A722-05D9930AB2CA}.Release|Any CPU.ActiveCfg = Release|Any CPU
		{2FECFA0F-44C9-462E-A722-05D9930AB2CA}.Release|Any CPU.Build.0 = Release|Any CPU
		{B45DFE39-C34C-4E29-B7B7-B2587BC35187}.Debug|Any CPU.ActiveCfg = Debug|Any CPU
		{B45DFE39-C34C-4E29-B7B7-B2587BC35187}.Debug|Any CPU.Build.0 = Debug|Any CPU
		{B45DFE39-C34C-4E29-B7B7-B2587BC35187}.Release|Any CPU.ActiveCfg = Release|Any CPU
		{B45DFE39-C34C-4E29-B7B7-B2587BC35187}.Release|Any CPU.Build.0 = Release|Any CPU
		{0E136609-B0A2-4BAA-886C-0EB8B61001F7}.Debug|Any CPU.ActiveCfg = Debug|Any CPU
		{0E136609-B0A2-4BAA-886C-0EB8B61001F7}.Debug|Any CPU.Build.0 = Debug|Any CPU
		{0E136609-B0A2-4BAA-886C-0EB8B61001F7}.Release|Any CPU.ActiveCfg = Release|Any CPU
		{0E136609-B0A2-4BAA-886C-0EB8B61001F7}.Release|Any CPU.Build.0 = Release|Any CPU
		{4E8FF8CF-E4A8-44EC-A724-F91EBD066757}.Debug|Any CPU.ActiveCfg = Debug|Any CPU
		{4E8FF8CF-E4A8-44EC-A724-F91EBD066757}.Debug|Any CPU.Build.0 = Debug|Any CPU
		{4E8FF8CF-E4A8-44EC-A724-F91EBD066757}.Release|Any CPU.ActiveCfg = Release|Any CPU
		{4E8FF8CF-E4A8-44EC-A724-F91EBD066757}.Release|Any CPU.Build.0 = Release|Any CPU
		{57AB18D8-1C61-4CD9-B99F-4B04F59CABAF}.Debug|Any CPU.ActiveCfg = Debug|Any CPU
		{57AB18D8-1C61-4CD9-B99F-4B04F59CABAF}.Debug|Any CPU.Build.0 = Debug|Any CPU
		{57AB18D8-1C61-4CD9-B99F-4B04F59CABAF}.Release|Any CPU.ActiveCfg = Release|Any CPU
		{57AB18D8-1C61-4CD9-B99F-4B04F59CABAF}.Release|Any CPU.Build.0 = Release|Any CPU
		{B3780220-F54A-438A-95D2-9D88E017E720}.Debug|Any CPU.ActiveCfg = Debug|Any CPU
		{B3780220-F54A-438A-95D2-9D88E017E720}.Debug|Any CPU.Build.0 = Debug|Any CPU
		{B3780220-F54A-438A-95D2-9D88E017E720}.Release|Any CPU.ActiveCfg = Release|Any CPU
		{B3780220-F54A-438A-95D2-9D88E017E720}.Release|Any CPU.Build.0 = Release|Any CPU
		{20CCDF19-87EC-4BE6-97CC-F7FC1B23356A}.Debug|Any CPU.ActiveCfg = Debug|Any CPU
		{20CCDF19-87EC-4BE6-97CC-F7FC1B23356A}.Debug|Any CPU.Build.0 = Debug|Any CPU
		{20CCDF19-87EC-4BE6-97CC-F7FC1B23356A}.Release|Any CPU.ActiveCfg = Release|Any CPU
		{20CCDF19-87EC-4BE6-97CC-F7FC1B23356A}.Release|Any CPU.Build.0 = Release|Any CPU
		{155B2997-3EAF-4634-8BF4-928060BFA781}.Debug|Any CPU.ActiveCfg = Debug|Any CPU
		{155B2997-3EAF-4634-8BF4-928060BFA781}.Debug|Any CPU.Build.0 = Debug|Any CPU
		{155B2997-3EAF-4634-8BF4-928060BFA781}.Release|Any CPU.ActiveCfg = Release|Any CPU
		{155B2997-3EAF-4634-8BF4-928060BFA781}.Release|Any CPU.Build.0 = Release|Any CPU
		{B148ECD3-4FDD-471F-8465-B9BD31EE74D6}.Debug|Any CPU.ActiveCfg = Debug|Any CPU
		{B148ECD3-4FDD-471F-8465-B9BD31EE74D6}.Debug|Any CPU.Build.0 = Debug|Any CPU
		{B148ECD3-4FDD-471F-8465-B9BD31EE74D6}.Release|Any CPU.ActiveCfg = Release|Any CPU
		{B148ECD3-4FDD-471F-8465-B9BD31EE74D6}.Release|Any CPU.Build.0 = Release|Any CPU
		{ED4C7D1C-D7CF-472F-A83B-8E662E13AC05}.Debug|Any CPU.ActiveCfg = Debug|Any CPU
		{ED4C7D1C-D7CF-472F-A83B-8E662E13AC05}.Debug|Any CPU.Build.0 = Debug|Any CPU
		{ED4C7D1C-D7CF-472F-A83B-8E662E13AC05}.Release|Any CPU.ActiveCfg = Release|Any CPU
		{ED4C7D1C-D7CF-472F-A83B-8E662E13AC05}.Release|Any CPU.Build.0 = Release|Any CPU
		{8AB6DDF5-305B-4929-AEFB-A30380C5C251}.Debug|Any CPU.ActiveCfg = Debug|Any CPU
		{8AB6DDF5-305B-4929-AEFB-A30380C5C251}.Debug|Any CPU.Build.0 = Debug|Any CPU
		{8AB6DDF5-305B-4929-AEFB-A30380C5C251}.Release|Any CPU.ActiveCfg = Release|Any CPU
		{8AB6DDF5-305B-4929-AEFB-A30380C5C251}.Release|Any CPU.Build.0 = Release|Any CPU
	EndGlobalSection
	GlobalSection(SolutionProperties) = preSolution
		HideSolutionNode = FALSE
	EndGlobalSection
	GlobalSection(ExtensibilityGlobals) = postSolution
		SolutionGuid = {47AEA613-710B-4B86-9A7C-257F0DE92A90}
	EndGlobalSection
EndGlobal
