
Microsoft Visual Studio Solution File, Format Version 12.00
# Visual Studio Version 16
VisualStudioVersion = 16.0.29519.87
MinimumVisualStudioVersion = 10.0.40219.1
Project("{9A19103F-16F7-4668-BE54-9A1E7A4F7556}") = "Dziedziczenie", "Dziedziczenie\Dziedziczenie.csproj", "{27EC5307-4930-4821-9DD6-58D6D181A300}"
EndProject
Project("{9A19103F-16F7-4668-BE54-9A1E7A4F7556}") = "Dziedziczenie22", "Dziedziczenie22\Dziedziczenie22.csproj", "{00668A89-5BE2-4522-A6B9-9BF34EFCEEDB}"
EndProject
Project("{9A19103F-16F7-4668-BE54-9A1E7A4F7556}") = "LB054377", "LB054377\LB054377.csproj", "{5584CD3E-BFF6-4ED3-B065-AEF023621E94}"
EndProject
Project("{FAE04EC0-301F-11D3-BF4B-00C04F79EFBC}") = "TB055288", "TB055288\TB055288.csproj", "{5F5C3182-9E9A-43B0-8424-DBD18615B8DE}"
EndProject
Project("{FAE04EC0-301F-11D3-BF4B-00C04F79EFBC}") = "pr_40969", "pr_40969\pr_40969.csproj", "{2FECFA0F-44C9-462E-A722-05D9930AB2CA}"
EndProject
Project("{FAE04EC0-301F-11D3-BF4B-00C04F79EFBC}") = "LB054377", "LB054377\LB054377.csproj", "{5584CD3E-BFF6-4ED3-B065-AEF023621E94}"
EndProject
Project("{9A19103F-16F7-4668-BE54-9A1E7A4F7556}") = "LB054377", "LB054377\LB054377.csproj", "{5584CD3E-BFF6-4ED3-B065-AEF023621E94}"
EndProject
Project("{FAE04EC0-301F-11D3-BF4B-00C04F79EFBC}") = "PT054493", "PT054493\PT054493.csproj", "{B45DFE39-C34C-4E29-B7B7-B2587BC35187}"
EndProject
Project("{FAE04EC0-301F-11D3-BF4B-00C04F79EFBC}") = "LP054466", "LP054466\LP054466.csproj", "{0E136609-B0A2-4BAA-886C-0EB8B61001F7}"
EndProject
Project("{FAE04EC0-301F-11D3-BF4B-00C04F79EFBC}") = "BF055758", "BF055758\BF055758.csproj", "{4E8FF8CF-E4A8-44EC-A724-F91EBD066757}"
EndProject
Global
	GlobalSection(SolutionConfigurationPlatforms) = preSolution
		Debug|Any CPU = Debug|Any CPU
		Release|Any CPU = Release|Any CPU
	EndGlobalSection
	GlobalSection(ProjectConfigurationPlatforms) = postSolution
		{27EC5307-4930-4821-9DD6-58D6D181A300}.Debug|Any CPU.ActiveCfg = Debug|Any CPU
		{27EC5307-4930-4821-9DD6-58D6D181A300}.Debug|Any CPU.Build.0 = Debug|Any CPU
		{27EC5307-4930-4821-9DD6-58D6D181A300}.Release|Any CPU.ActiveCfg = Release|Any CPU
		{27EC5307-4930-4821-9DD6-58D6D181A300}.Release|Any CPU.Build.0 = Release|Any CPU
		{00668A89-5BE2-4522-A6B9-9BF34EFCEEDB}.Debug|Any CPU.ActiveCfg = Debug|Any CPU
		{00668A89-5BE2-4522-A6B9-9BF34EFCEEDB}.Debug|Any CPU.Build.0 = Debug|Any CPU
		{00668A89-5BE2-4522-A6B9-9BF34EFCEEDB}.Release|Any CPU.ActiveCfg = Release|Any CPU
		{00668A89-5BE2-4522-A6B9-9BF34EFCEEDB}.Release|Any CPU.Build.0 = Release|Any CPU
		{2FECFA0F-44C9-462E-A722-05D9930AB2CA}.Debug|Any CPU.ActiveCfg = Debug|Any CPU
		{2FECFA0F-44C9-462E-A722-05D9930AB2CA}.Debug|Any CPU.Build.0 = Debug|Any CPU
		{2FECFA0F-44C9-462E-A722-05D9930AB2CA}.Release|Any CPU.ActiveCfg = Release|Any CPU
		{2FECFA0F-44C9-462E-A722-05D9930AB2CA}.Release|Any CPU.Build.0 = Release|Any CPU
		{5584CD3E-BFF6-4ED3-B065-AEF023621E94}.Debug|Any CPU.ActiveCfg = Debug|Any CPU
		{5584CD3E-BFF6-4ED3-B065-AEF023621E94}.Debug|Any CPU.Build.0 = Debug|Any CPU
		{5584CD3E-BFF6-4ED3-B065-AEF023621E94}.Release|Any CPU.ActiveCfg = Release|Any CPU
		{5584CD3E-BFF6-4ED3-B065-AEF023621E94}.Release|Any CPU.Build.0 = Release|Any CPU
		{5F5C3182-9E9A-43B0-8424-DBD18615B8DE}.Debug|Any CPU.ActiveCfg = Debug|Any CPU
		{5F5C3182-9E9A-43B0-8424-DBD18615B8DE}.Debug|Any CPU.Build.0 = Debug|Any CPU
		{5F5C3182-9E9A-43B0-8424-DBD18615B8DE}.Release|Any CPU.ActiveCfg = Release|Any CPU
		{5F5C3182-9E9A-43B0-8424-DBD18615B8DE}.Release|Any CPU.Build.0 = Release|Any CPU
		{B45DFE39-C34C-4E29-B7B7-B2587BC35187}.Debug|Any CPU.ActiveCfg = Debug|Any CPU
		{B45DFE39-C34C-4E29-B7B7-B2587BC35187}.Debug|Any CPU.Build.0 = Debug|Any CPU
		{B45DFE39-C34C-4E29-B7B7-B2587BC35187}.Release|Any CPU.ActiveCfg = Release|Any CPU
		{B45DFE39-C34C-4E29-B7B7-B2587BC35187}.Release|Any CPU.Build.0 = Release|Any CPU
		{0E136609-B0A2-4BAA-886C-0EB8B61001F7}.Debug|Any CPU.ActiveCfg = Debug|Any CPU
		{0E136609-B0A2-4BAA-886C-0EB8B61001F7}.Debug|Any CPU.Build.0 = Debug|Any CPU
		{0E136609-B0A2-4BAA-886C-0EB8B61001F7}.Release|Any CPU.ActiveCfg = Release|Any CPU
		{0E136609-B0A2-4BAA-886C-0EB8B61001F7}.Release|Any CPU.Build.0 = Release|Any CPU
		{4E8FF8CF-E4A8-44EC-A724-F91EBD066757}.Debug|Any CPU.ActiveCfg = Debug|Any CPU
		{4E8FF8CF-E4A8-44EC-A724-F91EBD066757}.Debug|Any CPU.Build.0 = Debug|Any CPU
		{4E8FF8CF-E4A8-44EC-A724-F91EBD066757}.Release|Any CPU.ActiveCfg = Release|Any CPU
		{4E8FF8CF-E4A8-44EC-A724-F91EBD066757}.Release|Any CPU.Build.0 = Release|Any CPU
	EndGlobalSection
	GlobalSection(SolutionProperties) = preSolution
		HideSolutionNode = FALSE
	EndGlobalSection
	GlobalSection(ExtensibilityGlobals) = postSolution
		SolutionGuid = {47AEA613-710B-4B86-9A7C-257F0DE92A90}
	EndGlobalSection
EndGlobal
